
Microsoft Visual Studio Solution File, Format Version 12.00
# Visual Studio Version 17
VisualStudioVersion = 17.5.33516.290
MinimumVisualStudioVersion = 10.0.40219.1
Project("{FAE04EC0-301F-11D3-BF4B-00C04F79EFBC}") = "SilkPlatform", "SilkPlatform\SilkPlatform.csproj", "{F7D84808-D741-42EB-932C-D02BF8EECFF5}"
EndProject
Project("{FAE04EC0-301F-11D3-BF4B-00C04F79EFBC}") = "AdminPanel", "AdminPanel\AdminPanel.csproj", "{0A0444C2-1958-45C5-A0E9-6E31ECAC0765}"
EndProject
Project("{FAE04EC0-301F-11D3-BF4B-00C04F79EFBC}") = "CoreApi", "CoreApi\CoreApi.csproj", "{C3295DC6-C978-4D53-80B1-AE6DAD9BB874}"
EndProject
Global
	GlobalSection(SolutionConfigurationPlatforms) = preSolution
		Debug|Any CPU = Debug|Any CPU
		Release|Any CPU = Release|Any CPU
	EndGlobalSection
	GlobalSection(ProjectConfigurationPlatforms) = postSolution
		{F7D84808-D741-42EB-932C-D02BF8EECFF5}.Debug|Any CPU.ActiveCfg = Debug|Any CPU
		{F7D84808-D741-42EB-932C-D02BF8EECFF5}.Debug|Any CPU.Build.0 = Debug|Any CPU
		{F7D84808-D741-42EB-932C-D02BF8EECFF5}.Release|Any CPU.ActiveCfg = Release|Any CPU
		{F7D84808-D741-42EB-932C-D02BF8EECFF5}.Release|Any CPU.Build.0 = Release|Any CPU
		{0A0444C2-1958-45C5-A0E9-6E31ECAC0765}.Debug|Any CPU.ActiveCfg = Debug|Any CPU
		{0A0444C2-1958-45C5-A0E9-6E31ECAC0765}.Debug|Any CPU.Build.0 = Debug|Any CPU
		{0A0444C2-1958-45C5-A0E9-6E31ECAC0765}.Release|Any CPU.ActiveCfg = Release|Any CPU
		{0A0444C2-1958-45C5-A0E9-6E31ECAC0765}.Release|Any CPU.Build.0 = Release|Any CPU
		{C3295DC6-C978-4D53-80B1-AE6DAD9BB874}.Debug|Any CPU.ActiveCfg = Debug|Any CPU
		{C3295DC6-C978-4D53-80B1-AE6DAD9BB874}.Debug|Any CPU.Build.0 = Debug|Any CPU
		{C3295DC6-C978-4D53-80B1-AE6DAD9BB874}.Release|Any CPU.ActiveCfg = Release|Any CPU
		{C3295DC6-C978-4D53-80B1-AE6DAD9BB874}.Release|Any CPU.Build.0 = Release|Any CPU
	EndGlobalSection
	GlobalSection(SolutionProperties) = preSolution
		HideSolutionNode = FALSE
	EndGlobalSection
	GlobalSection(ExtensibilityGlobals) = postSolution
		SolutionGuid = {0CFB9C6F-8AAB-4A7F-B498-7C44620BAD28}
	EndGlobalSection
EndGlobal
